{
  "name": "estructuras-preontologicas-st-consistencia",
  "version": "0.1.0",
  "lockfileVersion": 3,
  "requires": true,
  "packages": {
    "": {
      "name": "estructuras-preontologicas-st-consistencia",
      "version": "0.1.0",
      "dependencies": {
        "@stevenvo780/st-lang": "^3.2.2"
      }
    },
    "node_modules/@stevenvo780/st-lang": {
      "version": "3.2.2",
      "resolved": "https://registry.npmjs.org/@stevenvo780/st-lang/-/st-lang-3.2.2.tgz",
      "integrity": "sha512-OCXHP8s/iS1VbeTQaIhkW5W7ae4j50y93E5qZdaJMCCF25XAoGA31DN1F9tcBks/s9HkLScH/cAW7BnZYVdc6A==",
      "license": "MIT",
      "dependencies": {
        "chalk": "^5.6.2",
        "commander": "^14.0.3"
      },
      "bin": {
        "st": "dist/cli/index.js"
      },
      "engines": {
        "node": ">=18.0.0"
      }
    },
    "node_modules/chalk": {
      "version": "5.6.2",
      "resolved": "https://registry.npmjs.org/chalk/-/chalk-5.6.2.tgz",
      "integrity": "sha512-7NzBL0rN6fMUW+f7A6Io4h40qQlG+xGmtMxfbnH/K7TAtt8JQWVQK+6g0UXKMeVJoyV5EkkNsErQ8pVD3bLHbA==",
      "license": "MIT",
      "engines": {
        "node": "^12.17.0 || ^14.13 || >=16.0.0"
      },
      "funding": {
        "url": "https://github.com/chalk/chalk?sponsor=1"
      }
    },
    "node_modules/commander": {
      "version": "14.0.3",
      "resolved": "https://registry.npmjs.org/commander/-/commander-14.0.3.tgz",
      "integrity": "sha512-H+y0Jo/T1RZ9qPP4Eh1pkcQcLRglraJaSLoyOtHxu6AapkjWVCy2Sit1QQ4x3Dng8qDlSsZEet7g5Pq06MvTgw==",
      "license": "MIT",
      "engines": {
        "node": ">=20"
      }
    }
  }
}
